
Microsoft Visual Studio Solution File, Format Version 12.00
# Visual Studio 2012
Project("{FAE04EC0-301F-11D3-BF4B-00C04F79EFBC}") = "Frontend", "Frontend\Frontend.csproj", "{07D23382-092F-4B54-950B-9358A13778B6}"
EndProject
Project("{FAE04EC0-301F-11D3-BF4B-00C04F79EFBC}") = "Backend2", "Backend2\Backend2.csproj", "{FEAC7282-5174-4010-8895-FA6DF4201189}"
EndProject
Global
	GlobalSection(SolutionConfigurationPlatforms) = preSolution
		Debug|Any CPU = Debug|Any CPU
		Release|Any CPU = Release|Any CPU
	EndGlobalSection
	GlobalSection(ProjectConfigurationPlatforms) = postSolution
		{07D23382-092F-4B54-950B-9358A13778B6}.Debug|Any CPU.ActiveCfg = Debug|Any CPU
		{07D23382-092F-4B54-950B-9358A13778B6}.Debug|Any CPU.Build.0 = Debug|Any CPU
		{07D23382-092F-4B54-950B-9358A13778B6}.Release|Any CPU.ActiveCfg = Release|Any CPU
		{07D23382-092F-4B54-950B-9358A13778B6}.Release|Any CPU.Build.0 = Release|Any CPU
		{FEAC7282-5174-4010-8895-FA6DF4201189}.Debug|Any CPU.ActiveCfg = Debug|Any CPU
		{FEAC7282-5174-4010-8895-FA6DF4201189}.Debug|Any CPU.Build.0 = Debug|Any CPU
		{FEAC7282-5174-4010-8895-FA6DF4201189}.Release|Any CPU.ActiveCfg = Release|Any CPU
		{FEAC7282-5174-4010-8895-FA6DF4201189}.Release|Any CPU.Build.0 = Release|Any CPU
	EndGlobalSection
	GlobalSection(SolutionProperties) = preSolution
		HideSolutionNode = FALSE
	EndGlobalSection
EndGlobal
